
Microsoft Visual Studio Solution File, Format Version 12.00
# Visual Studio Version 17
VisualStudioVersion = 17.0.31903.59
MinimumVisualStudioVersion = 10.0.40219.1
Project("{2150E333-8FDC-42A3-9474-1A3956D46DE8}") = "src", "src", "{827E0CD3-B72D-47B6-A68D-7590B98EB39B}"
EndProject
Project("{2150E333-8FDC-42A3-9474-1A3956D46DE8}") = "Core", "Core", "{8D626EA8-CB54-BC41-363A-217881BEBA6E}"
EndProject
Project("{FAE04EC0-301F-11D3-BF4B-00C04F79EFBC}") = "Appointments.Domain", "src\Core\Appointments.Domain\Appointments.Domain.csproj", "{D8145B65-91F1-4FD0-AB70-D5B8490217A7}"
EndProject
Project("{FAE04EC0-301F-11D3-BF4B-00C04F79EFBC}") = "Appointments.Application", "src\Core\Appointments.Application\Appointments.Application.csproj", "{EFABDD71-705C-4724-BC87-8F85A4C24879}"
EndProject
Project("{2150E333-8FDC-42A3-9474-1A3956D46DE8}") = "Infrastructure", "Infrastructure", "{9048EB7F-3875-A59E-E36B-5BD4C6F2A282}"
EndProject
Project("{FAE04EC0-301F-11D3-BF4B-00C04F79EFBC}") = "Appointments.Infrastructure", "src\Infrastructure\Appointments.Infrastructure\Appointments.Infrastructure.csproj", "{23D58D25-1B4F-4DDE-AD15-DB701734B8C5}"
EndProject
Project("{2150E333-8FDC-42A3-9474-1A3956D46DE8}") = "Presentation", "Presentation", "{6996BBF7-DB31-59BC-C7DD-9A7CCC6138C4}"
EndProject
Project("{FAE04EC0-301F-11D3-BF4B-00C04F79EFBC}") = "Appointments.API", "src\Presentation\Appointments.API\Appointments.API.csproj", "{B499C2D0-8EEA-47A9-97D5-BF37EA76FFE0}"
EndProject
Project("{2150E333-8FDC-42A3-9474-1A3956D46DE8}") = "Gateway", "Gateway", "{D915FCFC-F1E3-E056-4AB4-0152123570CA}"
EndProject
Project("{FAE04EC0-301F-11D3-BF4B-00C04F79EFBC}") = "Appointments.Gateway", "src\Presentation\Gateway\Appointments.Gateway\Appointments.Gateway.csproj", "{1DF7B539-5610-4FB3-848C-0C8698615A0C}"
EndProject
Project("{FAE04EC0-301F-11D3-BF4B-00C04F79EFBC}") = "Appointments.Listener", "Appointments.Listener\Appointments.Listener.csproj", "{EF286B17-6FF2-4326-B0B6-A52AB0CB5EEA}"
EndProject
Project("{2150E333-8FDC-42A3-9474-1A3956D46DE8}") = "Clients", "Clients", "{00B920E4-100F-D869-D8B1-04B3A2ED45DA}"
EndProject
Project("{FAE04EC0-301F-11D3-BF4B-00C04F79EFBC}") = "Appointments.ChatClient", "src\Clients\Appointments.ChatClient\Appointments.ChatClient.csproj", "{2DB4440F-7A23-41AD-99D7-D2C637A469C2}"
EndProject
Project("{FAE04EC0-301F-11D3-BF4B-00C04F79EFBC}") = "Appointments.WebClient", "src\Clients\Appointments.WebClient\Appointments.WebClient.csproj", "{8D379455-4C6E-4FBC-BAD0-5B480A5D1FB1}"
EndProject
Project("{2150E333-8FDC-42A3-9474-1A3956D46DE8}") = "Functions", "Functions", "{D31E1401-CC63-4336-B71F-826CFC9F1202}"
EndProject
Project("{FAE04EC0-301F-11D3-BF4B-00C04F79EFBC}") = "Appointments.FunctionApp1", "Appointments.FunctionApp1\Appointments.FunctionApp1.csproj", "{BF34B816-04A1-44AD-9A94-442C43E0FCFF}"
EndProject
Global
	GlobalSection(SolutionConfigurationPlatforms) = preSolution
		Debug|Any CPU = Debug|Any CPU
		Debug|x64 = Debug|x64
		Debug|x86 = Debug|x86
		Release|Any CPU = Release|Any CPU
		Release|x64 = Release|x64
		Release|x86 = Release|x86
	EndGlobalSection
	GlobalSection(ProjectConfigurationPlatforms) = postSolution
		{D8145B65-91F1-4FD0-AB70-D5B8490217A7}.Debug|Any CPU.ActiveCfg = Debug|Any CPU
		{D8145B65-91F1-4FD0-AB70-D5B8490217A7}.Debug|Any CPU.Build.0 = Debug|Any CPU
		{D8145B65-91F1-4FD0-AB70-D5B8490217A7}.Debug|x64.ActiveCfg = Debug|Any CPU
		{D8145B65-91F1-4FD0-AB70-D5B8490217A7}.Debug|x64.Build.0 = Debug|Any CPU
		{D8145B65-91F1-4FD0-AB70-D5B8490217A7}.Debug|x86.ActiveCfg = Debug|Any CPU
		{D8145B65-91F1-4FD0-AB70-D5B8490217A7}.Debug|x86.Build.0 = Debug|Any CPU
		{D8145B65-91F1-4FD0-AB70-D5B8490217A7}.Release|Any CPU.ActiveCfg = Release|Any CPU
		{D8145B65-91F1-4FD0-AB70-D5B8490217A7}.Release|Any CPU.Build.0 = Release|Any CPU
		{D8145B65-91F1-4FD0-AB70-D5B8490217A7}.Release|x64.ActiveCfg = Release|Any CPU
		{D8145B65-91F1-4FD0-AB70-D5B8490217A7}.Release|x64.Build.0 = Release|Any CPU
		{D8145B65-91F1-4FD0-AB70-D5B8490217A7}.Release|x86.ActiveCfg = Release|Any CPU
		{D8145B65-91F1-4FD0-AB70-D5B8490217A7}.Release|x86.Build.0 = Release|Any CPU
		{EFABDD71-705C-4724-BC87-8F85A4C24879}.Debug|Any CPU.ActiveCfg = Debug|Any CPU
		{EFABDD71-705C-4724-BC87-8F85A4C24879}.Debug|Any CPU.Build.0 = Debug|Any CPU
		{EFABDD71-705C-4724-BC87-8F85A4C24879}.Debug|x64.ActiveCfg = Debug|Any CPU
		{EFABDD71-705C-4724-BC87-8F85A4C24879}.Debug|x64.Build.0 = Debug|Any CPU
		{EFABDD71-705C-4724-BC87-8F85A4C24879}.Debug|x86.ActiveCfg = Debug|Any CPU
		{EFABDD71-705C-4724-BC87-8F85A4C24879}.Debug|x86.Build.0 = Debug|Any CPU
		{EFABDD71-705C-4724-BC87-8F85A4C24879}.Release|Any CPU.ActiveCfg = Release|Any CPU
		{EFABDD71-705C-4724-BC87-8F85A4C24879}.Release|Any CPU.Build.0 = Release|Any CPU
		{EFABDD71-705C-4724-BC87-8F85A4C24879}.Release|x64.ActiveCfg = Release|Any CPU
		{EFABDD71-705C-4724-BC87-8F85A4C24879}.Release|x64.Build.0 = Release|Any CPU
		{EFABDD71-705C-4724-BC87-8F85A4C24879}.Release|x86.ActiveCfg = Release|Any CPU
		{EFABDD71-705C-4724-BC87-8F85A4C24879}.Release|x86.Build.0 = Release|Any CPU
		{23D58D25-1B4F-4DDE-AD15-DB701734B8C5}.Debug|Any CPU.ActiveCfg = Debug|Any CPU
		{23D58D25-1B4F-4DDE-AD15-DB701734B8C5}.Debug|Any CPU.Build.0 = Debug|Any CPU
		{23D58D25-1B4F-4DDE-AD15-DB701734B8C5}.Debug|x64.ActiveCfg = Debug|Any CPU
		{23D58D25-1B4F-4DDE-AD15-DB701734B8C5}.Debug|x64.Build.0 = Debug|Any CPU
		{23D58D25-1B4F-4DDE-AD15-DB701734B8C5}.Debug|x86.ActiveCfg = Debug|Any CPU
		{23D58D25-1B4F-4DDE-AD15-DB701734B8C5}.Debug|x86.Build.0 = Debug|Any CPU
		{23D58D25-1B4F-4DDE-AD15-DB701734B8C5}.Release|Any CPU.ActiveCfg = Release|Any CPU
		{23D58D25-1B4F-4DDE-AD15-DB701734B8C5}.Release|Any CPU.Build.0 = Release|Any CPU
		{23D58D25-1B4F-4DDE-AD15-DB701734B8C5}.Release|x64.ActiveCfg = Release|Any CPU
		{23D58D25-1B4F-4DDE-AD15-DB701734B8C5}.Release|x64.Build.0 = Release|Any CPU
		{23D58D25-1B4F-4DDE-AD15-DB701734B8C5}.Release|x86.ActiveCfg = Release|Any CPU
		{23D58D25-1B4F-4DDE-AD15-DB701734B8C5}.Release|x86.Build.0 = Release|Any CPU
		{B499C2D0-8EEA-47A9-97D5-BF37EA76FFE0}.Debug|Any CPU.ActiveCfg = Debug|Any CPU
		{B499C2D0-8EEA-47A9-97D5-BF37EA76FFE0}.Debug|Any CPU.Build.0 = Debug|Any CPU
		{B499C2D0-8EEA-47A9-97D5-BF37EA76FFE0}.Debug|x64.ActiveCfg = Debug|Any CPU
		{B499C2D0-8EEA-47A9-97D5-BF37EA76FFE0}.Debug|x64.Build.0 = Debug|Any CPU
		{B499C2D0-8EEA-47A9-97D5-BF37EA76FFE0}.Debug|x86.ActiveCfg = Debug|Any CPU
		{B499C2D0-8EEA-47A9-97D5-BF37EA76FFE0}.Debug|x86.Build.0 = Debug|Any CPU
		{B499C2D0-8EEA-47A9-97D5-BF37EA76FFE0}.Release|Any CPU.ActiveCfg = Release|Any CPU
		{B499C2D0-8EEA-47A9-97D5-BF37EA76FFE0}.Release|Any CPU.Build.0 = Release|Any CPU
		{B499C2D0-8EEA-47A9-97D5-BF37EA76FFE0}.Release|x64.ActiveCfg = Release|Any CPU
		{B499C2D0-8EEA-47A9-97D5-BF37EA76FFE0}.Release|x64.Build.0 = Release|Any CPU
		{B499C2D0-8EEA-47A9-97D5-BF37EA76FFE0}.Release|x86.ActiveCfg = Release|Any CPU
		{B499C2D0-8EEA-47A9-97D5-BF37EA76FFE0}.Release|x86.Build.0 = Release|Any CPU
		{1DF7B539-5610-4FB3-848C-0C8698615A0C}.Debug|Any CPU.ActiveCfg = Debug|Any CPU
		{1DF7B539-5610-4FB3-848C-0C8698615A0C}.Debug|Any CPU.Build.0 = Debug|Any CPU
		{1DF7B539-5610-4FB3-848C-0C8698615A0C}.Debug|x64.ActiveCfg = Debug|Any CPU
		{1DF7B539-5610-4FB3-848C-0C8698615A0C}.Debug|x64.Build.0 = Debug|Any CPU
		{1DF7B539-5610-4FB3-848C-0C8698615A0C}.Debug|x86.ActiveCfg = Debug|Any CPU
		{1DF7B539-5610-4FB3-848C-0C8698615A0C}.Debug|x86.Build.0 = Debug|Any CPU
		{1DF7B539-5610-4FB3-848C-0C8698615A0C}.Release|Any CPU.ActiveCfg = Release|Any CPU
		{1DF7B539-5610-4FB3-848C-0C8698615A0C}.Release|Any CPU.Build.0 = Release|Any CPU
		{1DF7B539-5610-4FB3-848C-0C8698615A0C}.Release|x64.ActiveCfg = Release|Any CPU
		{1DF7B539-5610-4FB3-848C-0C8698615A0C}.Release|x64.Build.0 = Release|Any CPU
		{1DF7B539-5610-4FB3-848C-0C8698615A0C}.Release|x86.ActiveCfg = Release|Any CPU
		{1DF7B539-5610-4FB3-848C-0C8698615A0C}.Release|x86.Build.0 = Release|Any CPU
		{EF286B17-6FF2-4326-B0B6-A52AB0CB5EEA}.Debug|Any CPU.ActiveCfg = Debug|Any CPU
		{EF286B17-6FF2-4326-B0B6-A52AB0CB5EEA}.Debug|Any CPU.Build.0 = Debug|Any CPU
		{EF286B17-6FF2-4326-B0B6-A52AB0CB5EEA}.Debug|x64.ActiveCfg = Debug|Any CPU
		{EF286B17-6FF2-4326-B0B6-A52AB0CB5EEA}.Debug|x64.Build.0 = Debug|Any CPU
		{EF286B17-6FF2-4326-B0B6-A52AB0CB5EEA}.Debug|x86.ActiveCfg = Debug|Any CPU
		{EF286B17-6FF2-4326-B0B6-A52AB0CB5EEA}.Debug|x86.Build.0 = Debug|Any CPU
		{EF286B17-6FF2-4326-B0B6-A52AB0CB5EEA}.Release|Any CPU.ActiveCfg = Release|Any CPU
		{EF286B17-6FF2-4326-B0B6-A52AB0CB5EEA}.Release|Any CPU.Build.0 = Release|Any CPU
		{EF286B17-6FF2-4326-B0B6-A52AB0CB5EEA}.Release|x64.ActiveCfg = Release|Any CPU
		{EF286B17-6FF2-4326-B0B6-A52AB0CB5EEA}.Release|x64.Build.0 = Release|Any CPU
		{EF286B17-6FF2-4326-B0B6-A52AB0CB5EEA}.Release|x86.ActiveCfg = Release|Any CPU
		{EF286B17-6FF2-4326-B0B6-A52AB0CB5EEA}.Release|x86.Build.0 = Release|Any CPU
		{2DB4440F-7A23-41AD-99D7-D2C637A469C2}.Debug|Any CPU.ActiveCfg = Debug|Any CPU
		{2DB4440F-7A23-41AD-99D7-D2C637A469C2}.Debug|Any CPU.Build.0 = Debug|Any CPU
		{2DB4440F-7A23-41AD-99D7-D2C637A469C2}.Debug|x64.ActiveCfg = Debug|Any CPU
		{2DB4440F-7A23-41AD-99D7-D2C637A469C2}.Debug|x64.Build.0 = Debug|Any CPU
		{2DB4440F-7A23-41AD-99D7-D2C637A469C2}.Debug|x86.ActiveCfg = Debug|Any CPU
		{2DB4440F-7A23-41AD-99D7-D2C637A469C2}.Debug|x86.Build.0 = Debug|Any CPU
		{2DB4440F-7A23-41AD-99D7-D2C637A469C2}.Release|Any CPU.ActiveCfg = Release|Any CPU
		{2DB4440F-7A23-41AD-99D7-D2C637A469C2}.Release|Any CPU.Build.0 = Release|Any CPU
		{2DB4440F-7A23-41AD-99D7-D2C637A469C2}.Release|x64.ActiveCfg = Release|Any CPU
		{2DB4440F-7A23-41AD-99D7-D2C637A469C2}.Release|x64.Build.0 = Release|Any CPU
		{2DB4440F-7A23-41AD-99D7-D2C637A469C2}.Release|x86.ActiveCfg = Release|Any CPU
		{2DB4440F-7A23-41AD-99D7-D2C637A469C2}.Release|x86.Build.0 = Release|Any CPU
		{8D379455-4C6E-4FBC-BAD0-5B480A5D1FB1}.Debug|Any CPU.ActiveCfg = Debug|Any CPU
		{8D379455-4C6E-4FBC-BAD0-5B480A5D1FB1}.Debug|Any CPU.Build.0 = Debug|Any CPU
		{8D379455-4C6E-4FBC-BAD0-5B480A5D1FB1}.Debug|x64.ActiveCfg = Debug|Any CPU
		{8D379455-4C6E-4FBC-BAD0-5B480A5D1FB1}.Debug|x64.Build.0 = Debug|Any CPU
		{8D379455-4C6E-4FBC-BAD0-5B480A5D1FB1}.Debug|x86.ActiveCfg = Debug|Any CPU
		{8D379455-4C6E-4FBC-BAD0-5B480A5D1FB1}.Debug|x86.Build.0 = Debug|Any CPU
		{8D379455-4C6E-4FBC-BAD0-5B480A5D1FB1}.Release|Any CPU.ActiveCfg = Release|Any CPU
		{8D379455-4C6E-4FBC-BAD0-5B480A5D1FB1}.Release|Any CPU.Build.0 = Release|Any CPU
		{8D379455-4C6E-4FBC-BAD0-5B480A5D1FB1}.Release|x64.ActiveCfg = Release|Any CPU
		{8D379455-4C6E-4FBC-BAD0-5B480A5D1FB1}.Release|x64.Build.0 = Release|Any CPU
		{8D379455-4C6E-4FBC-BAD0-5B480A5D1FB1}.Release|x86.ActiveCfg = Release|Any CPU
		{8D379455-4C6E-4FBC-BAD0-5B480A5D1FB1}.Release|x86.Build.0 = Release|Any CPU
		{BF34B816-04A1-44AD-9A94-442C43E0FCFF}.Debug|Any CPU.ActiveCfg = Debug|Any CPU
		{BF34B816-04A1-44AD-9A94-442C43E0FCFF}.Debug|Any CPU.Build.0 = Debug|Any CPU
		{BF34B816-04A1-44AD-9A94-442C43E0FCFF}.Debug|x64.ActiveCfg = Debug|Any CPU
		{BF34B816-04A1-44AD-9A94-442C43E0FCFF}.Debug|x64.Build.0 = Debug|Any CPU
		{BF34B816-04A1-44AD-9A94-442C43E0FCFF}.Debug|x86.ActiveCfg = Debug|Any CPU
		{BF34B816-04A1-44AD-9A94-442C43E0FCFF}.Debug|x86.Build.0 = Debug|Any CPU
		{BF34B816-04A1-44AD-9A94-442C43E0FCFF}.Release|Any CPU.ActiveCfg = Release|Any CPU
		{BF34B816-04A1-44AD-9A94-442C43E0FCFF}.Release|Any CPU.Build.0 = Release|Any CPU
		{BF34B816-04A1-44AD-9A94-442C43E0FCFF}.Release|x64.ActiveCfg = Release|Any CPU
		{BF34B816-04A1-44AD-9A94-442C43E0FCFF}.Release|x64.Build.0 = Release|Any CPU
		{BF34B816-04A1-44AD-9A94-442C43E0FCFF}.Release|x86.ActiveCfg = Release|Any CPU
		{BF34B816-04A1-44AD-9A94-442C43E0FCFF}.Release|x86.Build.0 = Release|Any CPU
	EndGlobalSection
	GlobalSection(SolutionProperties) = preSolution
		HideSolutionNode = FALSE
	EndGlobalSection
	GlobalSection(NestedProjects) = preSolution
		{8D626EA8-CB54-BC41-363A-217881BEBA6E} = {827E0CD3-B72D-47B6-A68D-7590B98EB39B}
		{D8145B65-91F1-4FD0-AB70-D5B8490217A7} = {8D626EA8-CB54-BC41-363A-217881BEBA6E}
		{EFABDD71-705C-4724-BC87-8F85A4C24879} = {8D626EA8-CB54-BC41-363A-217881BEBA6E}
		{9048EB7F-3875-A59E-E36B-5BD4C6F2A282} = {827E0CD3-B72D-47B6-A68D-7590B98EB39B}
		{23D58D25-1B4F-4DDE-AD15-DB701734B8C5} = {9048EB7F-3875-A59E-E36B-5BD4C6F2A282}
		{6996BBF7-DB31-59BC-C7DD-9A7CCC6138C4} = {827E0CD3-B72D-47B6-A68D-7590B98EB39B}
		{B499C2D0-8EEA-47A9-97D5-BF37EA76FFE0} = {6996BBF7-DB31-59BC-C7DD-9A7CCC6138C4}
		{D915FCFC-F1E3-E056-4AB4-0152123570CA} = {6996BBF7-DB31-59BC-C7DD-9A7CCC6138C4}
		{1DF7B539-5610-4FB3-848C-0C8698615A0C} = {D915FCFC-F1E3-E056-4AB4-0152123570CA}
		{EF286B17-6FF2-4326-B0B6-A52AB0CB5EEA} = {6996BBF7-DB31-59BC-C7DD-9A7CCC6138C4}
		{00B920E4-100F-D869-D8B1-04B3A2ED45DA} = {827E0CD3-B72D-47B6-A68D-7590B98EB39B}
		{2DB4440F-7A23-41AD-99D7-D2C637A469C2} = {00B920E4-100F-D869-D8B1-04B3A2ED45DA}
		{8D379455-4C6E-4FBC-BAD0-5B480A5D1FB1} = {00B920E4-100F-D869-D8B1-04B3A2ED45DA}
		{D31E1401-CC63-4336-B71F-826CFC9F1202} = {6996BBF7-DB31-59BC-C7DD-9A7CCC6138C4}
		{BF34B816-04A1-44AD-9A94-442C43E0FCFF} = {D31E1401-CC63-4336-B71F-826CFC9F1202}
	EndGlobalSection
EndGlobal
